
Microsoft Visual Studio Solution File, Format Version 12.00
# Visual Studio Version 17
VisualStudioVersion = 17.1.32421.90
MinimumVisualStudioVersion = 10.0.40219.1
Project("{FAE04EC0-301F-11D3-BF4B-00C04F79EFBC}") = "Strategy", "Strategy\Strategy.csproj", "{079F7381-64B5-42EF-BC58-1BA36F455AA6}"
EndProject
Global
	GlobalSection(SolutionConfigurationPlatforms) = preSolution
		Debug|Any CPU = Debug|Any CPU
		Release|Any CPU = Release|Any CPU
	EndGlobalSection
	GlobalSection(ProjectConfigurationPlatforms) = postSolution
		{079F7381-64B5-42EF-BC58-1BA36F455AA6}.Debug|Any CPU.ActiveCfg = Debug|Any CPU
		{079F7381-64B5-42EF-BC58-1BA36F455AA6}.Debug|Any CPU.Build.0 = Debug|Any CPU
		{079F7381-64B5-42EF-BC58-1BA36F455AA6}.Release|Any CPU.ActiveCfg = Release|Any CPU
		{079F7381-64B5-42EF-BC58-1BA36F455AA6}.Release|Any CPU.Build.0 = Release|Any CPU
	EndGlobalSection
	GlobalSection(SolutionProperties) = preSolution
		HideSolutionNode = FALSE
	EndGlobalSection
	GlobalSection(ExtensibilityGlobals) = postSolution
		SolutionGuid = {2348AA35-AEB1-45F7-9144-344F5BDBE907}
	EndGlobalSection
EndGlobal
